
Microsoft Visual Studio Solution File, Format Version 12.00
# Visual Studio Version 17
VisualStudioVersion = 17.1.32421.90
MinimumVisualStudioVersion = 10.0.40219.1
Project("{2150E333-8FDC-42A3-9474-1A3956D46DE8}") = "Tests", "Tests", "{3A33D47E-B5D4-4A06-80C9-2B4208FE4E35}"
EndProject
Project("{9A19103F-16F7-4668-BE54-9A1E7A4F7556}") = "NetPhonebook.Modules.ModuleName.Tests", "Tests\NetPhonebook.Modules.ModuleName.Tests\NetPhonebook.Modules.ModuleName.Tests.csproj", "{BE73F228-C218-4636-ADDE-A9FBF281FC24}"
EndProject
Project("{2150E333-8FDC-42A3-9474-1A3956D46DE8}") = "Modules", "Modules", "{A300A3C3-3537-4C99-AC4B-B9362CE5577A}"
EndProject
Project("{2150E333-8FDC-42A3-9474-1A3956D46DE8}") = "Services", "Services", "{60B528D4-FE96-4095-8738-EAABA4521D66}"
EndProject
Project("{9A19103F-16F7-4668-BE54-9A1E7A4F7556}") = "NetPhonebook.Services", "Services\NetPhonebook.Services\NetPhonebook.Services.csproj", "{532179FC-0553-49C6-826F-ACB3577E544C}"
EndProject
Project("{9A19103F-16F7-4668-BE54-9A1E7A4F7556}") = "NetPhonebook.Services.Interfaces", "Services\NetPhonebook.Services.Interfaces\NetPhonebook.Services.Interfaces.csproj", "{26543356-72E1-4F1A-BDE0-F2CDCE8A5491}"
EndProject
Project("{9A19103F-16F7-4668-BE54-9A1E7A4F7556}") = "NetPhonebook", "NetPhonebook\NetPhonebook.csproj", "{61D1EA2B-4927-4A04-A7C0-E22959D10E94}"
EndProject
Project("{9A19103F-16F7-4668-BE54-9A1E7A4F7556}") = "NetPhonebook.Core", "NetPhonebook.Core\NetPhonebook.Core.csproj", "{4D467AC1-4C96-4EF0-A501-BD6C20100657}"
EndProject
Project("{9A19103F-16F7-4668-BE54-9A1E7A4F7556}") = "NetPhonebook.Modules.Search", "..\NetPhonebook.Modules.Search\NetPhonebook.Modules.Search.csproj", "{AA3B07A4-A674-42B5-B874-123A6373BE0C}"
EndProject
Project("{9A19103F-16F7-4668-BE54-9A1E7A4F7556}") = "NetPhonebook.Modules.Menu", "..\NetPhonebook.Modules.Menu\NetPhonebook.Modules.Menu.csproj", "{6F3DA6C3-D074-4F64-B6F8-4EB5F59E4F38}"
EndProject
Project("{9A19103F-16F7-4668-BE54-9A1E7A4F7556}") = "NetPhonebook.Modules.Lists", "..\NetPhonebook.Modules.Lists\NetPhonebook.Modules.Lists.csproj", "{8726B42D-B818-476A-A4D5-284B701AEF2D}"
EndProject
Project("{2150E333-8FDC-42A3-9474-1A3956D46DE8}") = "DataProviders", "DataProviders", "{0D80D4D2-E679-4762-8A03-C326A3448CDF}"
EndProject
Project("{9A19103F-16F7-4668-BE54-9A1E7A4F7556}") = "CsvDataProvider", "..\CsvDataProvider\CsvDataProvider.csproj", "{E0F7F972-0B2B-47D2-952C-FBB5121A1D19}"
EndProject
Project("{9A19103F-16F7-4668-BE54-9A1E7A4F7556}") = "MsSqlDataProvider", "..\MsSqlDataProvider\MsSqlDataProvider.csproj", "{B47D71E3-5EFA-4E6C-80EC-3E5DF42EE844}"
EndProject
Project("{9A19103F-16F7-4668-BE54-9A1E7A4F7556}") = "SqLiteDataProvider", "SqLiteDataProvider\SqLiteDataProvider.csproj", "{D69A6F15-18CF-4B12-91BA-D21ADA5D7B11}"
EndProject
Project("{FAE04EC0-301F-11D3-BF4B-00C04F79EFBC}") = "Netphonebook.Modules.Models", "..\Netphonebook.Modules.Models\Netphonebook.Modules.Models.csproj", "{B9E086E4-B5DD-4FFF-9EF7-B9C292D46462}"
EndProject
Global
	GlobalSection(SolutionConfigurationPlatforms) = preSolution
		Debug|Any CPU = Debug|Any CPU
		Release|Any CPU = Release|Any CPU
	EndGlobalSection
	GlobalSection(ProjectConfigurationPlatforms) = postSolution
		{BE73F228-C218-4636-ADDE-A9FBF281FC24}.Debug|Any CPU.ActiveCfg = Debug|Any CPU
		{BE73F228-C218-4636-ADDE-A9FBF281FC24}.Debug|Any CPU.Build.0 = Debug|Any CPU
		{BE73F228-C218-4636-ADDE-A9FBF281FC24}.Release|Any CPU.ActiveCfg = Release|Any CPU
		{BE73F228-C218-4636-ADDE-A9FBF281FC24}.Release|Any CPU.Build.0 = Release|Any CPU
		{532179FC-0553-49C6-826F-ACB3577E544C}.Debug|Any CPU.ActiveCfg = Debug|Any CPU
		{532179FC-0553-49C6-826F-ACB3577E544C}.Debug|Any CPU.Build.0 = Debug|Any CPU
		{532179FC-0553-49C6-826F-ACB3577E544C}.Release|Any CPU.ActiveCfg = Release|Any CPU
		{532179FC-0553-49C6-826F-ACB3577E544C}.Release|Any CPU.Build.0 = Release|Any CPU
		{26543356-72E1-4F1A-BDE0-F2CDCE8A5491}.Debug|Any CPU.ActiveCfg = Debug|Any CPU
		{26543356-72E1-4F1A-BDE0-F2CDCE8A5491}.Debug|Any CPU.Build.0 = Debug|Any CPU
		{26543356-72E1-4F1A-BDE0-F2CDCE8A5491}.Release|Any CPU.ActiveCfg = Release|Any CPU
		{26543356-72E1-4F1A-BDE0-F2CDCE8A5491}.Release|Any CPU.Build.0 = Release|Any CPU
		{61D1EA2B-4927-4A04-A7C0-E22959D10E94}.Debug|Any CPU.ActiveCfg = Debug|Any CPU
		{61D1EA2B-4927-4A04-A7C0-E22959D10E94}.Debug|Any CPU.Build.0 = Debug|Any CPU
		{61D1EA2B-4927-4A04-A7C0-E22959D10E94}.Release|Any CPU.ActiveCfg = Release|Any CPU
		{61D1EA2B-4927-4A04-A7C0-E22959D10E94}.Release|Any CPU.Build.0 = Release|Any CPU
		{4D467AC1-4C96-4EF0-A501-BD6C20100657}.Debug|Any CPU.ActiveCfg = Debug|Any CPU
		{4D467AC1-4C96-4EF0-A501-BD6C20100657}.Debug|Any CPU.Build.0 = Debug|Any CPU
		{4D467AC1-4C96-4EF0-A501-BD6C20100657}.Release|Any CPU.ActiveCfg = Release|Any CPU
		{4D467AC1-4C96-4EF0-A501-BD6C20100657}.Release|Any CPU.Build.0 = Release|Any CPU
		{AA3B07A4-A674-42B5-B874-123A6373BE0C}.Debug|Any CPU.ActiveCfg = Debug|Any CPU
		{AA3B07A4-A674-42B5-B874-123A6373BE0C}.Debug|Any CPU.Build.0 = Debug|Any CPU
		{AA3B07A4-A674-42B5-B874-123A6373BE0C}.Release|Any CPU.ActiveCfg = Release|Any CPU
		{AA3B07A4-A674-42B5-B874-123A6373BE0C}.Release|Any CPU.Build.0 = Release|Any CPU
		{6F3DA6C3-D074-4F64-B6F8-4EB5F59E4F38}.Debug|Any CPU.ActiveCfg = Debug|Any CPU
		{6F3DA6C3-D074-4F64-B6F8-4EB5F59E4F38}.Debug|Any CPU.Build.0 = Debug|Any CPU
		{6F3DA6C3-D074-4F64-B6F8-4EB5F59E4F38}.Release|Any CPU.ActiveCfg = Release|Any CPU
		{6F3DA6C3-D074-4F64-B6F8-4EB5F59E4F38}.Release|Any CPU.Build.0 = Release|Any CPU
		{8726B42D-B818-476A-A4D5-284B701AEF2D}.Debug|Any CPU.ActiveCfg = Debug|Any CPU
		{8726B42D-B818-476A-A4D5-284B701AEF2D}.Debug|Any CPU.Build.0 = Debug|Any CPU
		{8726B42D-B818-476A-A4D5-284B701AEF2D}.Release|Any CPU.ActiveCfg = Release|Any CPU
		{8726B42D-B818-476A-A4D5-284B701AEF2D}.Release|Any CPU.Build.0 = Release|Any CPU
		{E0F7F972-0B2B-47D2-952C-FBB5121A1D19}.Debug|Any CPU.ActiveCfg = Debug|Any CPU
		{E0F7F972-0B2B-47D2-952C-FBB5121A1D19}.Debug|Any CPU.Build.0 = Debug|Any CPU
		{E0F7F972-0B2B-47D2-952C-FBB5121A1D19}.Release|Any CPU.ActiveCfg = Release|Any CPU
		{E0F7F972-0B2B-47D2-952C-FBB5121A1D19}.Release|Any CPU.Build.0 = Release|Any CPU
		{B47D71E3-5EFA-4E6C-80EC-3E5DF42EE844}.Debug|Any CPU.ActiveCfg = Debug|Any CPU
		{B47D71E3-5EFA-4E6C-80EC-3E5DF42EE844}.Debug|Any CPU.Build.0 = Debug|Any CPU
		{B47D71E3-5EFA-4E6C-80EC-3E5DF42EE844}.Release|Any CPU.ActiveCfg = Release|Any CPU
		{B47D71E3-5EFA-4E6C-80EC-3E5DF42EE844}.Release|Any CPU.Build.0 = Release|Any CPU
		{D69A6F15-18CF-4B12-91BA-D21ADA5D7B11}.Debug|Any CPU.ActiveCfg = Debug|Any CPU
		{D69A6F15-18CF-4B12-91BA-D21ADA5D7B11}.Debug|Any CPU.Build.0 = Debug|Any CPU
		{D69A6F15-18CF-4B12-91BA-D21ADA5D7B11}.Release|Any CPU.ActiveCfg = Release|Any CPU
		{D69A6F15-18CF-4B12-91BA-D21ADA5D7B11}.Release|Any CPU.Build.0 = Release|Any CPU
		{B9E086E4-B5DD-4FFF-9EF7-B9C292D46462}.Debug|Any CPU.ActiveCfg = Debug|Any CPU
		{B9E086E4-B5DD-4FFF-9EF7-B9C292D46462}.Debug|Any CPU.Build.0 = Debug|Any CPU
		{B9E086E4-B5DD-4FFF-9EF7-B9C292D46462}.Release|Any CPU.ActiveCfg = Release|Any CPU
		{B9E086E4-B5DD-4FFF-9EF7-B9C292D46462}.Release|Any CPU.Build.0 = Release|Any CPU
	EndGlobalSection
	GlobalSection(SolutionProperties) = preSolution
		HideSolutionNode = FALSE
	EndGlobalSection
	GlobalSection(NestedProjects) = preSolution
		{BE73F228-C218-4636-ADDE-A9FBF281FC24} = {3A33D47E-B5D4-4A06-80C9-2B4208FE4E35}
		{532179FC-0553-49C6-826F-ACB3577E544C} = {60B528D4-FE96-4095-8738-EAABA4521D66}
		{26543356-72E1-4F1A-BDE0-F2CDCE8A5491} = {60B528D4-FE96-4095-8738-EAABA4521D66}
		{AA3B07A4-A674-42B5-B874-123A6373BE0C} = {A300A3C3-3537-4C99-AC4B-B9362CE5577A}
		{6F3DA6C3-D074-4F64-B6F8-4EB5F59E4F38} = {A300A3C3-3537-4C99-AC4B-B9362CE5577A}
		{8726B42D-B818-476A-A4D5-284B701AEF2D} = {A300A3C3-3537-4C99-AC4B-B9362CE5577A}
		{E0F7F972-0B2B-47D2-952C-FBB5121A1D19} = {0D80D4D2-E679-4762-8A03-C326A3448CDF}
		{B47D71E3-5EFA-4E6C-80EC-3E5DF42EE844} = {0D80D4D2-E679-4762-8A03-C326A3448CDF}
		{D69A6F15-18CF-4B12-91BA-D21ADA5D7B11} = {0D80D4D2-E679-4762-8A03-C326A3448CDF}
		{B9E086E4-B5DD-4FFF-9EF7-B9C292D46462} = {A300A3C3-3537-4C99-AC4B-B9362CE5577A}
	EndGlobalSection
	GlobalSection(ExtensibilityGlobals) = postSolution
		SolutionGuid = {1FDD8703-6E5F-4CB3-949E-23259452DC5F}
	EndGlobalSection
EndGlobal
